
Microsoft Visual Studio Solution File, Format Version 12.00
# Visual Studio Version 16
VisualStudioVersion = 16.0.29920.165
MinimumVisualStudioVersion = 10.0.40219.1
Project("{9A19103F-16F7-4668-BE54-9A1E7A4F7556}") = "EDSc.Common", "EDSc.Common\EDSc.Common.csproj", "{77C644BD-6C8B-46DA-9830-25F937323C61}"
EndProject
Project("{9A19103F-16F7-4668-BE54-9A1E7A4F7556}") = "EDSc.ImgScraper", "EDSc.ImgScraper\EDSc.ImgScraper.csproj", "{FEF7C9DD-490B-4E8E-BCA2-6D4A5146E929}"
EndProject
Project("{FAE04EC0-301F-11D3-BF4B-00C04F79EFBC}") = "EDSc.Common.Tests", "EDSc.Common.Tests\EDSc.Common.Tests.csproj", "{C4BB345F-3F8C-4803-8581-58A2A4AAF057}"
EndProject
Global
	GlobalSection(SolutionConfigurationPlatforms) = preSolution
		Debug|Any CPU = Debug|Any CPU
		Release|Any CPU = Release|Any CPU
	EndGlobalSection
	GlobalSection(ProjectConfigurationPlatforms) = postSolution
		{77C644BD-6C8B-46DA-9830-25F937323C61}.Debug|Any CPU.ActiveCfg = Debug|Any CPU
		{77C644BD-6C8B-46DA-9830-25F937323C61}.Debug|Any CPU.Build.0 = Debug|Any CPU
		{77C644BD-6C8B-46DA-9830-25F937323C61}.Release|Any CPU.ActiveCfg = Release|Any CPU
		{77C644BD-6C8B-46DA-9830-25F937323C61}.Release|Any CPU.Build.0 = Release|Any CPU
		{FEF7C9DD-490B-4E8E-BCA2-6D4A5146E929}.Debug|Any CPU.ActiveCfg = Debug|Any CPU
		{FEF7C9DD-490B-4E8E-BCA2-6D4A5146E929}.Debug|Any CPU.Build.0 = Debug|Any CPU
		{FEF7C9DD-490B-4E8E-BCA2-6D4A5146E929}.Release|Any CPU.ActiveCfg = Release|Any CPU
		{FEF7C9DD-490B-4E8E-BCA2-6D4A5146E929}.Release|Any CPU.Build.0 = Release|Any CPU
		{C4BB345F-3F8C-4803-8581-58A2A4AAF057}.Debug|Any CPU.ActiveCfg = Debug|Any CPU
		{C4BB345F-3F8C-4803-8581-58A2A4AAF057}.Debug|Any CPU.Build.0 = Debug|Any CPU
		{C4BB345F-3F8C-4803-8581-58A2A4AAF057}.Release|Any CPU.ActiveCfg = Release|Any CPU
		{C4BB345F-3F8C-4803-8581-58A2A4AAF057}.Release|Any CPU.Build.0 = Release|Any CPU
	EndGlobalSection
	GlobalSection(SolutionProperties) = preSolution
		HideSolutionNode = FALSE
	EndGlobalSection
	GlobalSection(ExtensibilityGlobals) = postSolution
		SolutionGuid = {167CF28E-0F5F-4CA3-B5FC-67CDBF96A109}
	EndGlobalSection
EndGlobal
